github.com/davecgh/go-spew v1.1.1 h1:vj9j/u1bqnvCEfJOwUhtlOARqs3+rkHYY13jYWTU97c=
github.com/davecgh/go-spew v1.1.1/go.mod h1:J7Y8YcW2NihsgmVo/mv3lAwl/skON4iLHjSsI+c5H38=
github.com/lestrrat-go/libxml2 v0.0.0-20240905100032-c934e3fcb9d3 h1:ZIYZ0+TEddrxA2dEx4ITTBCdRqRP8Zh+8nb4tSx0nOw=
github.com/lestrrat-go/libxml2 v0.0.0-20240905100032-c934e3fcb9d3/go.mod h1:/0MMipmS+5SMXCSkulsvJwYmddKI4IL5tVy6AZMo9n0=
github.com/pkg/errors v0.9.1 h1:FEBLx1zS214owpjy7qsBeixbURkuhQAwrK5UwLGTwt4=
github.com/pkg/errors v0.9.1/go.mod h1:bwawxfHBFNV+L2hUp1rHADufV3IMtnDRdf1r5NINEl0=
github.com/pmezard/go-difflib v1.0.0 h1:4DBwDE0NGyQoBHbLQYPwSUPoCMWR5BEzIk/f1lZbAQM=
github.com/pmezard/go-difflib v1.0.0/go.mod h1:iKH77koFhYxTK1pcRnkKkqfTogsbg7gZNVY4sRDYZ/4=
github.com/stretchr/testify v1.8.4 h1:CcVxjf3Q8PM0mHUKJCdn+eZZtm5yQwehR5yeSVQQcUk=
github.com/stretchr/testify v1.8.4/go.mod h1:sz/lmYIOXD/1dqDmKjjqLyZ2RngseejIcXlSw2iwfAo=
gopkg.in/xmlpath.v1 v1.0.0-20140413065638-a146725ea6e7 h1:zibSPXbkfB1Dwl76rJgLa68xcdHu42qmFTe6vAnU4wA=
gopkg.in/xmlpath.v1 v1.0.0-20140413065638-a146725ea6e7/go.mod h1:wo0SW5T6XqIKCCAge330Cd5sm+7VI6v85OrQHIk50KM=
gopkg.in/yaml.v3 v3.0.1 h1:fxVm/GzAzEWqLHuvctI91KS9hhNmmWOoWu0XTYJS7CA=
gopkg.in/yaml.v3 v3.0.1/go.mod h1:K4uyk7z7BCEPqu6E+C64Yfv1cQ7kz7rIZviUmN+EgEM=
