Microsoft Visual Studio Solution File, Format Version 12.00
# Visual Studio 14
Project("{2150E333-8FDC-42A3-9474-1A3956D46DE8}") = "CMakePredefinedTargets", "CMakePredefinedTargets", "{F67E2E7D-2744-3A6A-A3BA-4BDA3CFE92F6}"
EndProject
Project("{8BC9CEB8-8B4A-11D0-8D11-00A0C91BC942}") = "ALL_BUILD", "ALL_BUILD.vcxproj", "{618E0405-492B-34AE-862D-72C309373A9C}"
	ProjectSection(ProjectDependencies) = postProject
		{ED4626D1-BF99-374D-8A9E-5FC1332C6B92} = {ED4626D1-BF99-374D-8A9E-5FC1332C6B92}
	EndProjectSection
EndProject
Project("{8BC9CEB8-8B4A-11D0-8D11-00A0C91BC942}") = "INSTALL", "INSTALL.vcxproj", "{E025184C-1303-3405-9102-AA31A56FEC8E}"
	ProjectSection(ProjectDependencies) = postProject
		{618E0405-492B-34AE-862D-72C309373A9C} = {618E0405-492B-34AE-862D-72C309373A9C}
		{ED4626D1-BF99-374D-8A9E-5FC1332C6B92} = {ED4626D1-BF99-374D-8A9E-5FC1332C6B92}
	EndProjectSection
EndProject
Project("{8BC9CEB8-8B4A-11D0-8D11-00A0C91BC942}") = "RUN_TESTS", "RUN_TESTS.vcxproj", "{86906CC0-C142-30F1-AD32-0B0F4CF030B6}"
	ProjectSection(ProjectDependencies) = postProject
		{ED4626D1-BF99-374D-8A9E-5FC1332C6B92} = {ED4626D1-BF99-374D-8A9E-5FC1332C6B92}
	EndProjectSection
EndProject
Project("{8BC9CEB8-8B4A-11D0-8D11-00A0C91BC942}") = "ZERO_CHECK", "ZERO_CHECK.vcxproj", "{ED4626D1-BF99-374D-8A9E-5FC1332C6B92}"
	ProjectSection(ProjectDependencies) = postProject
	EndProjectSection
EndProject
Global
	GlobalSection(SolutionConfigurationPlatforms) = preSolution
		Debug|Win32 = Debug|Win32
		Release|Win32 = Release|Win32
		MinSizeRel|Win32 = MinSizeRel|Win32
		RelWithDebInfo|Win32 = RelWithDebInfo|Win32
	EndGlobalSection
	GlobalSection(ProjectConfigurationPlatforms) = postSolution
		{618E0405-492B-34AE-862D-72C309373A9C}.Debug|Win32.ActiveCfg = Debug|Win32
		{618E0405-492B-34AE-862D-72C309373A9C}.Debug|Win32.Build.0 = Debug|Win32
		{618E0405-492B-34AE-862D-72C309373A9C}.Release|Win32.ActiveCfg = Release|Win32
		{618E0405-492B-34AE-862D-72C309373A9C}.Release|Win32.Build.0 = Release|Win32
		{618E0405-492B-34AE-862D-72C309373A9C}.MinSizeRel|Win32.ActiveCfg = MinSizeRel|Win32
		{618E0405-492B-34AE-862D-72C309373A9C}.MinSizeRel|Win32.Build.0 = MinSizeRel|Win32
		{618E0405-492B-34AE-862D-72C309373A9C}.RelWithDebInfo|Win32.ActiveCfg = RelWithDebInfo|Win32
		{618E0405-492B-34AE-862D-72C309373A9C}.RelWithDebInfo|Win32.Build.0 = RelWithDebInfo|Win32
		{E025184C-1303-3405-9102-AA31A56FEC8E}.Debug|Win32.ActiveCfg = Debug|Win32
		{E025184C-1303-3405-9102-AA31A56FEC8E}.Release|Win32.ActiveCfg = Release|Win32
		{E025184C-1303-3405-9102-AA31A56FEC8E}.MinSizeRel|Win32.ActiveCfg = MinSizeRel|Win32
		{E025184C-1303-3405-9102-AA31A56FEC8E}.RelWithDebInfo|Win32.ActiveCfg = RelWithDebInfo|Win32
		{86906CC0-C142-30F1-AD32-0B0F4CF030B6}.Debug|Win32.ActiveCfg = Debug|Win32
		{86906CC0-C142-30F1-AD32-0B0F4CF030B6}.Release|Win32.ActiveCfg = Release|Win32
		{86906CC0-C142-30F1-AD32-0B0F4CF030B6}.MinSizeRel|Win32.ActiveCfg = MinSizeRel|Win32
		{86906CC0-C142-30F1-AD32-0B0F4CF030B6}.RelWithDebInfo|Win32.ActiveCfg = RelWithDebInfo|Win32
		{ED4626D1-BF99-374D-8A9E-5FC1332C6B92}.Debug|Win32.ActiveCfg = Debug|Win32
		{ED4626D1-BF99-374D-8A9E-5FC1332C6B92}.Debug|Win32.Build.0 = Debug|Win32
		{ED4626D1-BF99-374D-8A9E-5FC1332C6B92}.Release|Win32.ActiveCfg = Release|Win32
		{ED4626D1-BF99-374D-8A9E-5FC1332C6B92}.Release|Win32.Build.0 = Release|Win32
		{ED4626D1-BF99-374D-8A9E-5FC1332C6B92}.MinSizeRel|Win32.ActiveCfg = MinSizeRel|Win32
		{ED4626D1-BF99-374D-8A9E-5FC1332C6B92}.MinSizeRel|Win32.Build.0 = MinSizeRel|Win32
		{ED4626D1-BF99-374D-8A9E-5FC1332C6B92}.RelWithDebInfo|Win32.ActiveCfg = RelWithDebInfo|Win32
		{ED4626D1-BF99-374D-8A9E-5FC1332C6B92}.RelWithDebInfo|Win32.Build.0 = RelWithDebInfo|Win32
	EndGlobalSection
	GlobalSection(NestedProjects) = preSolution
		{618E0405-492B-34AE-862D-72C309373A9C} = {F67E2E7D-2744-3A6A-A3BA-4BDA3CFE92F6}
		{E025184C-1303-3405-9102-AA31A56FEC8E} = {F67E2E7D-2744-3A6A-A3BA-4BDA3CFE92F6}
		{86906CC0-C142-30F1-AD32-0B0F4CF030B6} = {F67E2E7D-2744-3A6A-A3BA-4BDA3CFE92F6}
		{ED4626D1-BF99-374D-8A9E-5FC1332C6B92} = {F67E2E7D-2744-3A6A-A3BA-4BDA3CFE92F6}
	EndGlobalSection
	GlobalSection(ExtensibilityGlobals) = postSolution
		SolutionGuid = {BF3C228F-2462-35EB-B753-37E6134BD936}
	EndGlobalSection
	GlobalSection(ExtensibilityAddIns) = postSolution
	EndGlobalSection
EndGlobal
