{
  "name": "CPPON",
  "version": "0.1.0",
  "lockfileVersion": 3,
  "requires": true,
  "packages": {
    "": {
      "name": "CPPON",
      "version": "0.1.0",
      "dependencies": {
        "antlr4": "*"
      }
    },
    "node_modules/antlr4": {
      "version": "4.13.1-patch-1",
      "resolved": "https://registry.npmjs.org/antlr4/-/antlr4-4.13.1-patch-1.tgz",
      "integrity": "sha512-OjFLWWLzDMV9rdFhpvroCWR4ooktNg9/nvVYSA5z28wuVpU36QUNuioR1XLnQtcjVlf8npjyz593PxnU/f/Cow==",
      "engines": {
        "node": ">=16"
      }
    }
  }
}
